
Microsoft Visual Studio Solution File, Format Version 12.00
# Visual Studio Version 16
VisualStudioVersion = 16.0.33927.289
MinimumVisualStudioVersion = 10.0.40219.1
Project("{C9674DCB-5085-4A16-B785-4C70DD1589BD}") = "BigDataProject", "BigDataProject\BigDataProject.dtproj", "{BC331DCC-1239-4CC3-BA0B-57E920302BA5}"
EndProject
Global
	GlobalSection(SolutionConfigurationPlatforms) = preSolution
		Development|Default = Development|Default
	EndGlobalSection
	GlobalSection(ProjectConfigurationPlatforms) = postSolution
		{BC331DCC-1239-4CC3-BA0B-57E920302BA5}.Development|Default.ActiveCfg = Development
		{BC331DCC-1239-4CC3-BA0B-57E920302BA5}.Development|Default.Build.0 = Development
	EndGlobalSection
	GlobalSection(SolutionProperties) = preSolution
		HideSolutionNode = FALSE
	EndGlobalSection
	GlobalSection(ExtensibilityGlobals) = postSolution
		SolutionGuid = {56913739-E108-4FFC-BA6F-F2E8A127E12D}
	EndGlobalSection
EndGlobal
